
Microsoft Visual Studio Solution File, Format Version 12.00
# Visual Studio Version 17
VisualStudioVersion = 17.7.34221.43
MinimumVisualStudioVersion = 10.0.40219.1
Project("{FAE04EC0-301F-11D3-BF4B-00C04F79EFBC}") = "PL", "OrdersManagement\PL.csproj", "{C12B25AA-D4CA-47AA-94CA-1B81BC7886FB}"
EndProject
Project("{FAE04EC0-301F-11D3-BF4B-00C04F79EFBC}") = "BLL", "BLL\BLL.csproj", "{D00217AB-735D-42C8-84A3-DFD713A55AF9}"
EndProject
Project("{FAE04EC0-301F-11D3-BF4B-00C04F79EFBC}") = "DAL", "DAL\DAL.csproj", "{A3372F4F-8434-4C75-A9C7-9E14E442107F}"
EndProject
Global
	GlobalSection(SolutionConfigurationPlatforms) = preSolution
		Debug|Any CPU = Debug|Any CPU
		Release|Any CPU = Release|Any CPU
	EndGlobalSection
	GlobalSection(ProjectConfigurationPlatforms) = postSolution
		{C12B25AA-D4CA-47AA-94CA-1B81BC7886FB}.Debug|Any CPU.ActiveCfg = Debug|Any CPU
		{C12B25AA-D4CA-47AA-94CA-1B81BC7886FB}.Debug|Any CPU.Build.0 = Debug|Any CPU
		{C12B25AA-D4CA-47AA-94CA-1B81BC7886FB}.Release|Any CPU.ActiveCfg = Release|Any CPU
		{C12B25AA-D4CA-47AA-94CA-1B81BC7886FB}.Release|Any CPU.Build.0 = Release|Any CPU
		{D00217AB-735D-42C8-84A3-DFD713A55AF9}.Debug|Any CPU.ActiveCfg = Debug|Any CPU
		{D00217AB-735D-42C8-84A3-DFD713A55AF9}.Debug|Any CPU.Build.0 = Debug|Any CPU
		{D00217AB-735D-42C8-84A3-DFD713A55AF9}.Release|Any CPU.ActiveCfg = Release|Any CPU
		{D00217AB-735D-42C8-84A3-DFD713A55AF9}.Release|Any CPU.Build.0 = Release|Any CPU
		{A3372F4F-8434-4C75-A9C7-9E14E442107F}.Debug|Any CPU.ActiveCfg = Debug|Any CPU
		{A3372F4F-8434-4C75-A9C7-9E14E442107F}.Debug|Any CPU.Build.0 = Debug|Any CPU
		{A3372F4F-8434-4C75-A9C7-9E14E442107F}.Release|Any CPU.ActiveCfg = Release|Any CPU
		{A3372F4F-8434-4C75-A9C7-9E14E442107F}.Release|Any CPU.Build.0 = Release|Any CPU
	EndGlobalSection
	GlobalSection(SolutionProperties) = preSolution
		HideSolutionNode = FALSE
	EndGlobalSection
	GlobalSection(ExtensibilityGlobals) = postSolution
		SolutionGuid = {7BB29D8C-0126-43B9-AAAA-5EEA16E7FFB6}
	EndGlobalSection
EndGlobal
